
Microsoft Visual Studio Solution File, Format Version 12.00
# Visual Studio Version 17
VisualStudioVersion = 17.6.33829.357
MinimumVisualStudioVersion = 10.0.40219.1
Project("{FAE04EC0-301F-11D3-BF4B-00C04F79EFBC}") = "CromBas", "CromBas.csproj", "{9810794F-8DFD-466D-9535-70B01B6F099A}"
EndProject
Global
	GlobalSection(SolutionConfigurationPlatforms) = preSolution
		Debug|Any CPU = Debug|Any CPU
		Release|Any CPU = Release|Any CPU
	EndGlobalSection
	GlobalSection(ProjectConfigurationPlatforms) = postSolution
		{9810794F-8DFD-466D-9535-70B01B6F099A}.Debug|Any CPU.ActiveCfg = Debug|Any CPU
		{9810794F-8DFD-466D-9535-70B01B6F099A}.Debug|Any CPU.Build.0 = Debug|Any CPU
		{9810794F-8DFD-466D-9535-70B01B6F099A}.Release|Any CPU.ActiveCfg = Release|Any CPU
		{9810794F-8DFD-466D-9535-70B01B6F099A}.Release|Any CPU.Build.0 = Release|Any CPU
	EndGlobalSection
	GlobalSection(SolutionProperties) = preSolution
		HideSolutionNode = FALSE
	EndGlobalSection
	GlobalSection(ExtensibilityGlobals) = postSolution
		SolutionGuid = {5D4AE03B-24C5-4BF3-B6FF-8168BBC442FC}
	EndGlobalSection
EndGlobal
